
Microsoft Visual Studio Solution File, Format Version 12.00
# Visual Studio Version 16
VisualStudioVersion = 25.0.1704.4
MinimumVisualStudioVersion = 10.0.40219.1
Project("{FAE04EC0-301F-11D3-BF4B-00C04F79EFBC}") = "OOP5Feb", "OOP5Feb\OOP5Feb.csproj", "{30EAD33C-BC87-44EF-940D-853BD29FB5D3}"
EndProject
Global
	GlobalSection(SolutionConfigurationPlatforms) = preSolution
		Debug|Any CPU = Debug|Any CPU
		Release|Any CPU = Release|Any CPU
	EndGlobalSection
	GlobalSection(ProjectConfigurationPlatforms) = postSolution
		{30EAD33C-BC87-44EF-940D-853BD29FB5D3}.Debug|Any CPU.ActiveCfg = Debug|Any CPU
		{30EAD33C-BC87-44EF-940D-853BD29FB5D3}.Debug|Any CPU.Build.0 = Debug|Any CPU
		{30EAD33C-BC87-44EF-940D-853BD29FB5D3}.Release|Any CPU.ActiveCfg = Release|Any CPU
		{30EAD33C-BC87-44EF-940D-853BD29FB5D3}.Release|Any CPU.Build.0 = Release|Any CPU
	EndGlobalSection
	GlobalSection(SolutionProperties) = preSolution
		HideSolutionNode = FALSE
	EndGlobalSection
	GlobalSection(ExtensibilityGlobals) = postSolution
		SolutionGuid = {8193696C-44F9-4968-ACBC-0153F84557B4}
	EndGlobalSection
EndGlobal
